
Microsoft Visual Studio Solution File, Format Version 12.00
# Visual Studio Version 16
VisualStudioVersion = 16.0.31702.278
MinimumVisualStudioVersion = 10.0.40219.1
Project("{FAE04EC0-301F-11D3-BF4B-00C04F79EFBC}") = "Sales", "Sales\Sales.csproj", "{7763ABFF-717C-4D38-AF2B-54C23084D376}"
EndProject
Project("{FAE04EC0-301F-11D3-BF4B-00C04F79EFBC}") = "Sales.ConsoleClient", "Sales.ConsoleClient\Sales.ConsoleClient.csproj", "{1A0641D7-FB19-4841-A94A-9904CE066BEC}"
EndProject
Project("{FAE04EC0-301F-11D3-BF4B-00C04F79EFBC}") = "Sales.ServiceClient", "Sales.ServiceClient\Sales.ServiceClient.csproj", "{4FA56B81-52FD-4B4D-A17F-A429E30EFFC7}"
EndProject
Project("{FAE04EC0-301F-11D3-BF4B-00C04F79EFBC}") = "Sales.Entities", "Sales.Entities\Sales.Entities.csproj", "{6EBA5E8C-89FE-4592-906B-CE8EEA81DCBB}"
EndProject
Project("{FAE04EC0-301F-11D3-BF4B-00C04F79EFBC}") = "Sales.DAL", "Sales.DAL\Sales.DAL.csproj", "{337EA994-5119-4D08-9D89-D483B97E8CFE}"
EndProject
Project("{FAE04EC0-301F-11D3-BF4B-00C04F79EFBC}") = "Sales.Core", "Sales.Core\Sales.Core.csproj", "{826DE817-4E2F-4E09-8E69-1377E104F250}"
EndProject
Global
	GlobalSection(SolutionConfigurationPlatforms) = preSolution
		Debug|Any CPU = Debug|Any CPU
		Release|Any CPU = Release|Any CPU
	EndGlobalSection
	GlobalSection(ProjectConfigurationPlatforms) = postSolution
		{7763ABFF-717C-4D38-AF2B-54C23084D376}.Debug|Any CPU.ActiveCfg = Debug|Any CPU
		{7763ABFF-717C-4D38-AF2B-54C23084D376}.Debug|Any CPU.Build.0 = Debug|Any CPU
		{7763ABFF-717C-4D38-AF2B-54C23084D376}.Release|Any CPU.ActiveCfg = Release|Any CPU
		{7763ABFF-717C-4D38-AF2B-54C23084D376}.Release|Any CPU.Build.0 = Release|Any CPU
		{1A0641D7-FB19-4841-A94A-9904CE066BEC}.Debug|Any CPU.ActiveCfg = Debug|Any CPU
		{1A0641D7-FB19-4841-A94A-9904CE066BEC}.Debug|Any CPU.Build.0 = Debug|Any CPU
		{1A0641D7-FB19-4841-A94A-9904CE066BEC}.Release|Any CPU.ActiveCfg = Release|Any CPU
		{1A0641D7-FB19-4841-A94A-9904CE066BEC}.Release|Any CPU.Build.0 = Release|Any CPU
		{4FA56B81-52FD-4B4D-A17F-A429E30EFFC7}.Debug|Any CPU.ActiveCfg = Debug|Any CPU
		{4FA56B81-52FD-4B4D-A17F-A429E30EFFC7}.Debug|Any CPU.Build.0 = Debug|Any CPU
		{4FA56B81-52FD-4B4D-A17F-A429E30EFFC7}.Release|Any CPU.ActiveCfg = Release|Any CPU
		{4FA56B81-52FD-4B4D-A17F-A429E30EFFC7}.Release|Any CPU.Build.0 = Release|Any CPU
		{6EBA5E8C-89FE-4592-906B-CE8EEA81DCBB}.Debug|Any CPU.ActiveCfg = Debug|Any CPU
		{6EBA5E8C-89FE-4592-906B-CE8EEA81DCBB}.Debug|Any CPU.Build.0 = Debug|Any CPU
		{6EBA5E8C-89FE-4592-906B-CE8EEA81DCBB}.Release|Any CPU.ActiveCfg = Release|Any CPU
		{6EBA5E8C-89FE-4592-906B-CE8EEA81DCBB}.Release|Any CPU.Build.0 = Release|Any CPU
		{337EA994-5119-4D08-9D89-D483B97E8CFE}.Debug|Any CPU.ActiveCfg = Debug|Any CPU
		{337EA994-5119-4D08-9D89-D483B97E8CFE}.Debug|Any CPU.Build.0 = Debug|Any CPU
		{337EA994-5119-4D08-9D89-D483B97E8CFE}.Release|Any CPU.ActiveCfg = Release|Any CPU
		{337EA994-5119-4D08-9D89-D483B97E8CFE}.Release|Any CPU.Build.0 = Release|Any CPU
		{826DE817-4E2F-4E09-8E69-1377E104F250}.Debug|Any CPU.ActiveCfg = Debug|Any CPU
		{826DE817-4E2F-4E09-8E69-1377E104F250}.Debug|Any CPU.Build.0 = Debug|Any CPU
		{826DE817-4E2F-4E09-8E69-1377E104F250}.Release|Any CPU.ActiveCfg = Release|Any CPU
		{826DE817-4E2F-4E09-8E69-1377E104F250}.Release|Any CPU.Build.0 = Release|Any CPU
	EndGlobalSection
	GlobalSection(SolutionProperties) = preSolution
		HideSolutionNode = FALSE
	EndGlobalSection
	GlobalSection(ExtensibilityGlobals) = postSolution
		SolutionGuid = {84F4E324-A58D-48C2-9ECE-BC99987D86AC}
	EndGlobalSection
EndGlobal
