
Microsoft Visual Studio Solution File, Format Version 12.00
# Visual Studio Version 16
VisualStudioVersion = 16.0.31702.278
MinimumVisualStudioVersion = 10.0.40219.1
Project("{FAE04EC0-301F-11D3-BF4B-00C04F79EFBC}") = "MediaLibraryApplication", "MediaLibraryApplication\MediaLibraryApplication.csproj", "{0055BD28-B4BD-4CED-86B8-5FED01502522}"
EndProject
Global
	GlobalSection(SolutionConfigurationPlatforms) = preSolution
		Debug|Any CPU = Debug|Any CPU
		Release|Any CPU = Release|Any CPU
	EndGlobalSection
	GlobalSection(ProjectConfigurationPlatforms) = postSolution
		{0055BD28-B4BD-4CED-86B8-5FED01502522}.Debug|Any CPU.ActiveCfg = Debug|Any CPU
		{0055BD28-B4BD-4CED-86B8-5FED01502522}.Debug|Any CPU.Build.0 = Debug|Any CPU
		{0055BD28-B4BD-4CED-86B8-5FED01502522}.Release|Any CPU.ActiveCfg = Release|Any CPU
		{0055BD28-B4BD-4CED-86B8-5FED01502522}.Release|Any CPU.Build.0 = Release|Any CPU
	EndGlobalSection
	GlobalSection(SolutionProperties) = preSolution
		HideSolutionNode = FALSE
	EndGlobalSection
	GlobalSection(ExtensibilityGlobals) = postSolution
		SolutionGuid = {322D7475-C72A-48FF-AE80-62C27103A7EF}
	EndGlobalSection
EndGlobal
